
Microsoft Visual Studio Solution File, Format Version 12.00
# Visual Studio Version 17
VisualStudioVersion = 17.1.32421.90
MinimumVisualStudioVersion = 10.0.40219.1
Project("{2150E333-8FDC-42A3-9474-1A3956D46DE8}") = "Solution Items", "Solution Items", "{EC47D01A-F56D-4662-8C5F-9985E0F7EB08}"
	ProjectSection(SolutionItems) = preProject
		.editorconfig = .editorconfig
	EndProjectSection
EndProject
Project("{9A19103F-16F7-4668-BE54-9A1E7A4F7556}") = "DataflowChannel", "DataflowChannel\DataflowChannel.csproj", "{9C1F8C5A-3860-4FFA-9BE7-C1623498259C}"
EndProject
Project("{9A19103F-16F7-4668-BE54-9A1E7A4F7556}") = "Example", "Example\Example.csproj", "{17665CD8-5531-4F96-BDEF-5C70EFB5FC2B}"
EndProject
Project("{9A19103F-16F7-4668-BE54-9A1E7A4F7556}") = "DataflowBench", "Benchmark\DataflowBench.csproj", "{4D451A24-E88E-4C8E-AE86-27818EAD77E7}"
EndProject
Global
	GlobalSection(SolutionConfigurationPlatforms) = preSolution
		Debug|Any CPU = Debug|Any CPU
		Release|Any CPU = Release|Any CPU
	EndGlobalSection
	GlobalSection(ProjectConfigurationPlatforms) = postSolution
		{9C1F8C5A-3860-4FFA-9BE7-C1623498259C}.Debug|Any CPU.ActiveCfg = Debug|Any CPU
		{9C1F8C5A-3860-4FFA-9BE7-C1623498259C}.Debug|Any CPU.Build.0 = Debug|Any CPU
		{9C1F8C5A-3860-4FFA-9BE7-C1623498259C}.Release|Any CPU.ActiveCfg = Release|Any CPU
		{9C1F8C5A-3860-4FFA-9BE7-C1623498259C}.Release|Any CPU.Build.0 = Release|Any CPU
		{17665CD8-5531-4F96-BDEF-5C70EFB5FC2B}.Debug|Any CPU.ActiveCfg = Debug|Any CPU
		{17665CD8-5531-4F96-BDEF-5C70EFB5FC2B}.Debug|Any CPU.Build.0 = Debug|Any CPU
		{17665CD8-5531-4F96-BDEF-5C70EFB5FC2B}.Release|Any CPU.ActiveCfg = Release|Any CPU
		{17665CD8-5531-4F96-BDEF-5C70EFB5FC2B}.Release|Any CPU.Build.0 = Release|Any CPU
		{4D451A24-E88E-4C8E-AE86-27818EAD77E7}.Debug|Any CPU.ActiveCfg = Debug|Any CPU
		{4D451A24-E88E-4C8E-AE86-27818EAD77E7}.Debug|Any CPU.Build.0 = Debug|Any CPU
		{4D451A24-E88E-4C8E-AE86-27818EAD77E7}.Release|Any CPU.ActiveCfg = Release|Any CPU
		{4D451A24-E88E-4C8E-AE86-27818EAD77E7}.Release|Any CPU.Build.0 = Release|Any CPU
	EndGlobalSection
	GlobalSection(SolutionProperties) = preSolution
		HideSolutionNode = FALSE
	EndGlobalSection
	GlobalSection(ExtensibilityGlobals) = postSolution
		SolutionGuid = {D4DCE9BD-DDD2-4597-BB56-5C94FBE517CA}
	EndGlobalSection
EndGlobal
