
Microsoft Visual Studio Solution File, Format Version 12.00
# Visual Studio Version 17
VisualStudioVersion = 17.1.32421.90
MinimumVisualStudioVersion = 10.0.40219.1
Project("{2150E333-8FDC-42A3-9474-1A3956D46DE8}") = "Solution Items", "Solution Items", "{EC47D01A-F56D-4662-8C5F-9985E0F7EB08}"
	ProjectSection(SolutionItems) = preProject
		.editorconfig = .editorconfig
	EndProjectSection
EndProject
Project("{9A19103F-16F7-4668-BE54-9A1E7A4F7556}") = "Example", "Example\Example.csproj", "{17665CD8-5531-4F96-BDEF-5C70EFB5FC2B}"
EndProject
Project("{9A19103F-16F7-4668-BE54-9A1E7A4F7556}") = "DataflowBench", "Benchmark\DataflowBench.csproj", "{4D451A24-E88E-4C8E-AE86-27818EAD77E7}"
EndProject
Project("{9A19103F-16F7-4668-BE54-9A1E7A4F7556}") = "Dataflow", "Dataflow\Dataflow.csproj", "{A1D3A1A9-DC85-4030-B582-39B6C076B794}"
EndProject
Global
	GlobalSection(SolutionConfigurationPlatforms) = preSolution
		Debug|Any CPU = Debug|Any CPU
		DebugResearch|Any CPU = DebugResearch|Any CPU
		Release|Any CPU = Release|Any CPU
		ReleaseResearch|Any CPU = ReleaseResearch|Any CPU
	EndGlobalSection
	GlobalSection(ProjectConfigurationPlatforms) = postSolution
		{17665CD8-5531-4F96-BDEF-5C70EFB5FC2B}.Debug|Any CPU.ActiveCfg = Debug|Any CPU
		{17665CD8-5531-4F96-BDEF-5C70EFB5FC2B}.Debug|Any CPU.Build.0 = Debug|Any CPU
		{17665CD8-5531-4F96-BDEF-5C70EFB5FC2B}.DebugResearch|Any CPU.ActiveCfg = DebugResearch|Any CPU
		{17665CD8-5531-4F96-BDEF-5C70EFB5FC2B}.DebugResearch|Any CPU.Build.0 = DebugResearch|Any CPU
		{17665CD8-5531-4F96-BDEF-5C70EFB5FC2B}.Release|Any CPU.ActiveCfg = Release|Any CPU
		{17665CD8-5531-4F96-BDEF-5C70EFB5FC2B}.Release|Any CPU.Build.0 = Release|Any CPU
		{17665CD8-5531-4F96-BDEF-5C70EFB5FC2B}.ReleaseResearch|Any CPU.ActiveCfg = ReleaseResearch|Any CPU
		{17665CD8-5531-4F96-BDEF-5C70EFB5FC2B}.ReleaseResearch|Any CPU.Build.0 = ReleaseResearch|Any CPU
		{4D451A24-E88E-4C8E-AE86-27818EAD77E7}.Debug|Any CPU.ActiveCfg = Debug|Any CPU
		{4D451A24-E88E-4C8E-AE86-27818EAD77E7}.Debug|Any CPU.Build.0 = Debug|Any CPU
		{4D451A24-E88E-4C8E-AE86-27818EAD77E7}.DebugResearch|Any CPU.ActiveCfg = DebugResearch|Any CPU
		{4D451A24-E88E-4C8E-AE86-27818EAD77E7}.DebugResearch|Any CPU.Build.0 = DebugResearch|Any CPU
		{4D451A24-E88E-4C8E-AE86-27818EAD77E7}.Release|Any CPU.ActiveCfg = Release|Any CPU
		{4D451A24-E88E-4C8E-AE86-27818EAD77E7}.Release|Any CPU.Build.0 = Release|Any CPU
		{4D451A24-E88E-4C8E-AE86-27818EAD77E7}.ReleaseResearch|Any CPU.ActiveCfg = ReleaseResearch|Any CPU
		{4D451A24-E88E-4C8E-AE86-27818EAD77E7}.ReleaseResearch|Any CPU.Build.0 = ReleaseResearch|Any CPU
		{A1D3A1A9-DC85-4030-B582-39B6C076B794}.Debug|Any CPU.ActiveCfg = Debug|Any CPU
		{A1D3A1A9-DC85-4030-B582-39B6C076B794}.Debug|Any CPU.Build.0 = Debug|Any CPU
		{A1D3A1A9-DC85-4030-B582-39B6C076B794}.DebugResearch|Any CPU.ActiveCfg = DebugResearch|Any CPU
		{A1D3A1A9-DC85-4030-B582-39B6C076B794}.DebugResearch|Any CPU.Build.0 = DebugResearch|Any CPU
		{A1D3A1A9-DC85-4030-B582-39B6C076B794}.Release|Any CPU.ActiveCfg = Release|Any CPU
		{A1D3A1A9-DC85-4030-B582-39B6C076B794}.Release|Any CPU.Build.0 = Release|Any CPU
		{A1D3A1A9-DC85-4030-B582-39B6C076B794}.ReleaseResearch|Any CPU.ActiveCfg = ReleaseResearch|Any CPU
		{A1D3A1A9-DC85-4030-B582-39B6C076B794}.ReleaseResearch|Any CPU.Build.0 = ReleaseResearch|Any CPU
	EndGlobalSection
	GlobalSection(SolutionProperties) = preSolution
		HideSolutionNode = FALSE
	EndGlobalSection
	GlobalSection(ExtensibilityGlobals) = postSolution
		SolutionGuid = {D4DCE9BD-DDD2-4597-BB56-5C94FBE517CA}
	EndGlobalSection
EndGlobal
