
Microsoft Visual Studio Solution File, Format Version 12.00
# Visual Studio Version 17
VisualStudioVersion = 17.1.32421.90
MinimumVisualStudioVersion = 10.0.40219.1
Project("{FAE04EC0-301F-11D3-BF4B-00C04F79EFBC}") = "DataflowChannel", "DataflowChannel\DataflowChannel.csproj", "{7DD54F83-9DE1-4DE7-8993-15CC290E1EA5}"
EndProject
Project("{FAE04EC0-301F-11D3-BF4B-00C04F79EFBC}") = "Example", "..\Example\Example.csproj", "{A12127A0-718E-4D3F-86D4-F8D16750627E}"
EndProject
Global
	GlobalSection(SolutionConfigurationPlatforms) = preSolution
		Debug|Any CPU = Debug|Any CPU
		Release|Any CPU = Release|Any CPU
	EndGlobalSection
	GlobalSection(ProjectConfigurationPlatforms) = postSolution
		{7DD54F83-9DE1-4DE7-8993-15CC290E1EA5}.Debug|Any CPU.ActiveCfg = Debug|Any CPU
		{7DD54F83-9DE1-4DE7-8993-15CC290E1EA5}.Debug|Any CPU.Build.0 = Debug|Any CPU
		{7DD54F83-9DE1-4DE7-8993-15CC290E1EA5}.Release|Any CPU.ActiveCfg = Release|Any CPU
		{7DD54F83-9DE1-4DE7-8993-15CC290E1EA5}.Release|Any CPU.Build.0 = Release|Any CPU
		{A12127A0-718E-4D3F-86D4-F8D16750627E}.Debug|Any CPU.ActiveCfg = Debug|Any CPU
		{A12127A0-718E-4D3F-86D4-F8D16750627E}.Debug|Any CPU.Build.0 = Debug|Any CPU
		{A12127A0-718E-4D3F-86D4-F8D16750627E}.Release|Any CPU.ActiveCfg = Release|Any CPU
		{A12127A0-718E-4D3F-86D4-F8D16750627E}.Release|Any CPU.Build.0 = Release|Any CPU
	EndGlobalSection
	GlobalSection(SolutionProperties) = preSolution
		HideSolutionNode = FALSE
	EndGlobalSection
	GlobalSection(ExtensibilityGlobals) = postSolution
		SolutionGuid = {D4DCE9BD-DDD2-4597-BB56-5C94FBE517CA}
	EndGlobalSection
EndGlobal
